
Microsoft Visual Studio Solution File, Format Version 12.00
# Visual Studio Version 16
VisualStudioVersion = 16.0.30413.136
MinimumVisualStudioVersion = 10.0.40219.1
Project("{FAE04EC0-301F-11D3-BF4B-00C04F79EFBC}") = "WebMVC", "WebMVC\WebMVC.csproj", "{69D0F206-DD87-402B-9E81-FFCD16B189AF}"
EndProject
Global
	GlobalSection(SolutionConfigurationPlatforms) = preSolution
		Debug|Any CPU = Debug|Any CPU
		Release|Any CPU = Release|Any CPU
	EndGlobalSection
	GlobalSection(ProjectConfigurationPlatforms) = postSolution
		{69D0F206-DD87-402B-9E81-FFCD16B189AF}.Debug|Any CPU.ActiveCfg = Debug|Any CPU
		{69D0F206-DD87-402B-9E81-FFCD16B189AF}.Debug|Any CPU.Build.0 = Debug|Any CPU
		{69D0F206-DD87-402B-9E81-FFCD16B189AF}.Release|Any CPU.ActiveCfg = Release|Any CPU
		{69D0F206-DD87-402B-9E81-FFCD16B189AF}.Release|Any CPU.Build.0 = Release|Any CPU
	EndGlobalSection
	GlobalSection(SolutionProperties) = preSolution
		HideSolutionNode = FALSE
	EndGlobalSection
	GlobalSection(ExtensibilityGlobals) = postSolution
		SolutionGuid = {CC96363D-799F-4C89-9E95-02A7537C7985}
	EndGlobalSection
EndGlobal
